
Microsoft Visual Studio Solution File, Format Version 12.00
# Visual Studio 14
VisualStudioVersion = 14.0.25420.1
MinimumVisualStudioVersion = 10.0.40219.1
Project("{8BC9CEB8-8B4A-11D0-8D11-00A0C91BC942}") = "detection", "detection.vcxproj", "{E843CB06-6E9D-4608-9946-78E90CBC5946}"
	ProjectSection(ProjectDependencies) = postProject
		{6905160D-4BCF-4987-BE0C-33A40EB646F3} = {6905160D-4BCF-4987-BE0C-33A40EB646F3}
		{E715331C-EB91-457F-85D0-77B8CC57C6FE} = {E715331C-EB91-457F-85D0-77B8CC57C6FE}
		{39CEE81D-C871-47EF-9F7E-3394D2697A7B} = {39CEE81D-C871-47EF-9F7E-3394D2697A7B}
		{461B152C-EC50-44CA-AFD2-595C1D99DD5F} = {461B152C-EC50-44CA-AFD2-595C1D99DD5F}
		{8C5C697D-AAED-401C-BC23-0FD455176582} = {8C5C697D-AAED-401C-BC23-0FD455176582}
		{F0A4B880-61E0-4B9D-9F81-300B409D8B3D} = {F0A4B880-61E0-4B9D-9F81-300B409D8B3D}
		{E3C7CC82-39E9-457F-B328-E5D36021C2CF} = {E3C7CC82-39E9-457F-B328-E5D36021C2CF}
		{A4F869A1-E949-4C93-A96C-723184907C57} = {A4F869A1-E949-4C93-A96C-723184907C57}
		{6CFF25BF-231E-4D6E-9068-2760092A56AB} = {6CFF25BF-231E-4D6E-9068-2760092A56AB}
	EndProjectSection
EndProject
Project("{2150E333-8FDC-42A3-9474-1A3956D46DE8}") = "librairies", "librairies", "{1BD34129-449A-42FC-9888-C226F622E773}"
EndProject
Project("{8BC9CEB8-8B4A-11D0-8D11-00A0C91BC942}") = "lib_date", "..\lib_detec\lib_date\lib_date.vcxproj", "{E715331C-EB91-457F-85D0-77B8CC57C6FE}"
	ProjectSection(ProjectDependencies) = postProject
		{39CEE81D-C871-47EF-9F7E-3394D2697A7B} = {39CEE81D-C871-47EF-9F7E-3394D2697A7B}
	EndProjectSection
EndProject
Project("{8BC9CEB8-8B4A-11D0-8D11-00A0C91BC942}") = "lib_erreur", "..\lib_detec\lib_erreur\lib_erreur.vcxproj", "{39CEE81D-C871-47EF-9F7E-3394D2697A7B}"
EndProject
Project("{8BC9CEB8-8B4A-11D0-8D11-00A0C91BC942}") = "lib_karotz", "..\lib_detec\lib_karotz\lib_karotz.vcxproj", "{461B152C-EC50-44CA-AFD2-595C1D99DD5F}"
	ProjectSection(ProjectDependencies) = postProject
		{E715331C-EB91-457F-85D0-77B8CC57C6FE} = {E715331C-EB91-457F-85D0-77B8CC57C6FE}
		{39CEE81D-C871-47EF-9F7E-3394D2697A7B} = {39CEE81D-C871-47EF-9F7E-3394D2697A7B}
	EndProjectSection
EndProject
Project("{8BC9CEB8-8B4A-11D0-8D11-00A0C91BC942}") = "lib_mask", "..\lib_detec\lib_mask\lib_mask.vcxproj", "{6905160D-4BCF-4987-BE0C-33A40EB646F3}"
	ProjectSection(ProjectDependencies) = postProject
		{39CEE81D-C871-47EF-9F7E-3394D2697A7B} = {39CEE81D-C871-47EF-9F7E-3394D2697A7B}
	EndProjectSection
EndProject
Project("{8BC9CEB8-8B4A-11D0-8D11-00A0C91BC942}") = "lib_serial", "..\lib_detec\lib_serial\lib_serial.vcxproj", "{6CFF25BF-231E-4D6E-9068-2760092A56AB}"
EndProject
Project("{8BC9CEB8-8B4A-11D0-8D11-00A0C91BC942}") = "lib_sleep", "..\lib_detec\lib_sleep\lib_sleep.vcxproj", "{F0A4B880-61E0-4B9D-9F81-300B409D8B3D}"
	ProjectSection(ProjectDependencies) = postProject
		{39CEE81D-C871-47EF-9F7E-3394D2697A7B} = {39CEE81D-C871-47EF-9F7E-3394D2697A7B}
	EndProjectSection
EndProject
Project("{8BC9CEB8-8B4A-11D0-8D11-00A0C91BC942}") = "lib_sock_c", "..\lib_detec\lib_sock_c\lib_sock_c.vcxproj", "{A4F869A1-E949-4C93-A96C-723184907C57}"
	ProjectSection(ProjectDependencies) = postProject
		{6905160D-4BCF-4987-BE0C-33A40EB646F3} = {6905160D-4BCF-4987-BE0C-33A40EB646F3}
		{39CEE81D-C871-47EF-9F7E-3394D2697A7B} = {39CEE81D-C871-47EF-9F7E-3394D2697A7B}
		{8C5C697D-AAED-401C-BC23-0FD455176582} = {8C5C697D-AAED-401C-BC23-0FD455176582}
		{F0A4B880-61E0-4B9D-9F81-300B409D8B3D} = {F0A4B880-61E0-4B9D-9F81-300B409D8B3D}
		{E3C7CC82-39E9-457F-B328-E5D36021C2CF} = {E3C7CC82-39E9-457F-B328-E5D36021C2CF}
		{E2CB039F-5224-42AC-B8B3-0553DAE5DC4E} = {E2CB039F-5224-42AC-B8B3-0553DAE5DC4E}
	EndProjectSection
EndProject
Project("{8BC9CEB8-8B4A-11D0-8D11-00A0C91BC942}") = "lib_sock_s", "..\lib_detec\lib_sock_s\lib_sock_s.vcxproj", "{8C5C697D-AAED-401C-BC23-0FD455176582}"
	ProjectSection(ProjectDependencies) = postProject
		{6905160D-4BCF-4987-BE0C-33A40EB646F3} = {6905160D-4BCF-4987-BE0C-33A40EB646F3}
		{39CEE81D-C871-47EF-9F7E-3394D2697A7B} = {39CEE81D-C871-47EF-9F7E-3394D2697A7B}
		{F0A4B880-61E0-4B9D-9F81-300B409D8B3D} = {F0A4B880-61E0-4B9D-9F81-300B409D8B3D}
		{E3C7CC82-39E9-457F-B328-E5D36021C2CF} = {E3C7CC82-39E9-457F-B328-E5D36021C2CF}
		{E2CB039F-5224-42AC-B8B3-0553DAE5DC4E} = {E2CB039F-5224-42AC-B8B3-0553DAE5DC4E}
	EndProjectSection
EndProject
Project("{8BC9CEB8-8B4A-11D0-8D11-00A0C91BC942}") = "lib_timer", "..\lib_detec\lib_timer\lib_timer.vcxproj", "{E3C7CC82-39E9-457F-B328-E5D36021C2CF}"
	ProjectSection(ProjectDependencies) = postProject
		{6905160D-4BCF-4987-BE0C-33A40EB646F3} = {6905160D-4BCF-4987-BE0C-33A40EB646F3}
		{39CEE81D-C871-47EF-9F7E-3394D2697A7B} = {39CEE81D-C871-47EF-9F7E-3394D2697A7B}
	EndProjectSection
EndProject
Project("{8BC9CEB8-8B4A-11D0-8D11-00A0C91BC942}") = "lib_swap", "..\lib_detec\lib_swap\lib_swap.vcxproj", "{E2CB039F-5224-42AC-B8B3-0553DAE5DC4E}"
EndProject
Global
	GlobalSection(SolutionConfigurationPlatforms) = preSolution
		Debug|ARM = Debug|ARM
		Debug|x64 = Debug|x64
		Debug|x86 = Debug|x86
		Release|ARM = Release|ARM
		Release|x64 = Release|x64
		Release|x86 = Release|x86
	EndGlobalSection
	GlobalSection(ProjectConfigurationPlatforms) = postSolution
		{E843CB06-6E9D-4608-9946-78E90CBC5946}.Debug|ARM.ActiveCfg = Debug|ARM
		{E843CB06-6E9D-4608-9946-78E90CBC5946}.Debug|ARM.Build.0 = Debug|ARM
		{E843CB06-6E9D-4608-9946-78E90CBC5946}.Debug|x64.ActiveCfg = Debug|x64
		{E843CB06-6E9D-4608-9946-78E90CBC5946}.Debug|x64.Build.0 = Debug|x64
		{E843CB06-6E9D-4608-9946-78E90CBC5946}.Debug|x86.ActiveCfg = Debug|x86
		{E843CB06-6E9D-4608-9946-78E90CBC5946}.Debug|x86.Build.0 = Debug|x86
		{E843CB06-6E9D-4608-9946-78E90CBC5946}.Release|ARM.ActiveCfg = Release|ARM
		{E843CB06-6E9D-4608-9946-78E90CBC5946}.Release|ARM.Build.0 = Release|ARM
		{E843CB06-6E9D-4608-9946-78E90CBC5946}.Release|x64.ActiveCfg = Release|x64
		{E843CB06-6E9D-4608-9946-78E90CBC5946}.Release|x64.Build.0 = Release|x64
		{E843CB06-6E9D-4608-9946-78E90CBC5946}.Release|x86.ActiveCfg = Release|x86
		{E843CB06-6E9D-4608-9946-78E90CBC5946}.Release|x86.Build.0 = Release|x86
		{E715331C-EB91-457F-85D0-77B8CC57C6FE}.Debug|ARM.ActiveCfg = Debug|ARM
		{E715331C-EB91-457F-85D0-77B8CC57C6FE}.Debug|ARM.Build.0 = Debug|ARM
		{E715331C-EB91-457F-85D0-77B8CC57C6FE}.Debug|x64.ActiveCfg = Debug|x64
		{E715331C-EB91-457F-85D0-77B8CC57C6FE}.Debug|x64.Build.0 = Debug|x64
		{E715331C-EB91-457F-85D0-77B8CC57C6FE}.Debug|x86.ActiveCfg = Debug|x86
		{E715331C-EB91-457F-85D0-77B8CC57C6FE}.Debug|x86.Build.0 = Debug|x86
		{E715331C-EB91-457F-85D0-77B8CC57C6FE}.Release|ARM.ActiveCfg = Release|ARM
		{E715331C-EB91-457F-85D0-77B8CC57C6FE}.Release|ARM.Build.0 = Release|ARM
		{E715331C-EB91-457F-85D0-77B8CC57C6FE}.Release|x64.ActiveCfg = Release|x64
		{E715331C-EB91-457F-85D0-77B8CC57C6FE}.Release|x64.Build.0 = Release|x64
		{E715331C-EB91-457F-85D0-77B8CC57C6FE}.Release|x86.ActiveCfg = Release|x86
		{E715331C-EB91-457F-85D0-77B8CC57C6FE}.Release|x86.Build.0 = Release|x86
		{39CEE81D-C871-47EF-9F7E-3394D2697A7B}.Debug|ARM.ActiveCfg = Debug|ARM
		{39CEE81D-C871-47EF-9F7E-3394D2697A7B}.Debug|ARM.Build.0 = Debug|ARM
		{39CEE81D-C871-47EF-9F7E-3394D2697A7B}.Debug|x64.ActiveCfg = Debug|x64
		{39CEE81D-C871-47EF-9F7E-3394D2697A7B}.Debug|x64.Build.0 = Debug|x64
		{39CEE81D-C871-47EF-9F7E-3394D2697A7B}.Debug|x86.ActiveCfg = Debug|x86
		{39CEE81D-C871-47EF-9F7E-3394D2697A7B}.Debug|x86.Build.0 = Debug|x86
		{39CEE81D-C871-47EF-9F7E-3394D2697A7B}.Release|ARM.ActiveCfg = Release|ARM
		{39CEE81D-C871-47EF-9F7E-3394D2697A7B}.Release|ARM.Build.0 = Release|ARM
		{39CEE81D-C871-47EF-9F7E-3394D2697A7B}.Release|x64.ActiveCfg = Release|x64
		{39CEE81D-C871-47EF-9F7E-3394D2697A7B}.Release|x64.Build.0 = Release|x64
		{39CEE81D-C871-47EF-9F7E-3394D2697A7B}.Release|x86.ActiveCfg = Release|x86
		{39CEE81D-C871-47EF-9F7E-3394D2697A7B}.Release|x86.Build.0 = Release|x86
		{461B152C-EC50-44CA-AFD2-595C1D99DD5F}.Debug|ARM.ActiveCfg = Debug|ARM
		{461B152C-EC50-44CA-AFD2-595C1D99DD5F}.Debug|ARM.Build.0 = Debug|ARM
		{461B152C-EC50-44CA-AFD2-595C1D99DD5F}.Debug|x64.ActiveCfg = Debug|x64
		{461B152C-EC50-44CA-AFD2-595C1D99DD5F}.Debug|x64.Build.0 = Debug|x64
		{461B152C-EC50-44CA-AFD2-595C1D99DD5F}.Debug|x86.ActiveCfg = Debug|x86
		{461B152C-EC50-44CA-AFD2-595C1D99DD5F}.Debug|x86.Build.0 = Debug|x86
		{461B152C-EC50-44CA-AFD2-595C1D99DD5F}.Release|ARM.ActiveCfg = Release|ARM
		{461B152C-EC50-44CA-AFD2-595C1D99DD5F}.Release|ARM.Build.0 = Release|ARM
		{461B152C-EC50-44CA-AFD2-595C1D99DD5F}.Release|x64.ActiveCfg = Release|x64
		{461B152C-EC50-44CA-AFD2-595C1D99DD5F}.Release|x64.Build.0 = Release|x64
		{461B152C-EC50-44CA-AFD2-595C1D99DD5F}.Release|x86.ActiveCfg = Release|x86
		{461B152C-EC50-44CA-AFD2-595C1D99DD5F}.Release|x86.Build.0 = Release|x86
		{6905160D-4BCF-4987-BE0C-33A40EB646F3}.Debug|ARM.ActiveCfg = Debug|ARM
		{6905160D-4BCF-4987-BE0C-33A40EB646F3}.Debug|ARM.Build.0 = Debug|ARM
		{6905160D-4BCF-4987-BE0C-33A40EB646F3}.Debug|x64.ActiveCfg = Debug|x64
		{6905160D-4BCF-4987-BE0C-33A40EB646F3}.Debug|x64.Build.0 = Debug|x64
		{6905160D-4BCF-4987-BE0C-33A40EB646F3}.Debug|x86.ActiveCfg = Debug|x86
		{6905160D-4BCF-4987-BE0C-33A40EB646F3}.Debug|x86.Build.0 = Debug|x86
		{6905160D-4BCF-4987-BE0C-33A40EB646F3}.Release|ARM.ActiveCfg = Release|ARM
		{6905160D-4BCF-4987-BE0C-33A40EB646F3}.Release|ARM.Build.0 = Release|ARM
		{6905160D-4BCF-4987-BE0C-33A40EB646F3}.Release|x64.ActiveCfg = Release|x64
		{6905160D-4BCF-4987-BE0C-33A40EB646F3}.Release|x64.Build.0 = Release|x64
		{6905160D-4BCF-4987-BE0C-33A40EB646F3}.Release|x86.ActiveCfg = Release|x86
		{6905160D-4BCF-4987-BE0C-33A40EB646F3}.Release|x86.Build.0 = Release|x86
		{6CFF25BF-231E-4D6E-9068-2760092A56AB}.Debug|ARM.ActiveCfg = Debug|ARM
		{6CFF25BF-231E-4D6E-9068-2760092A56AB}.Debug|ARM.Build.0 = Debug|ARM
		{6CFF25BF-231E-4D6E-9068-2760092A56AB}.Debug|x64.ActiveCfg = Debug|x64
		{6CFF25BF-231E-4D6E-9068-2760092A56AB}.Debug|x64.Build.0 = Debug|x64
		{6CFF25BF-231E-4D6E-9068-2760092A56AB}.Debug|x86.ActiveCfg = Debug|x86
		{6CFF25BF-231E-4D6E-9068-2760092A56AB}.Debug|x86.Build.0 = Debug|x86
		{6CFF25BF-231E-4D6E-9068-2760092A56AB}.Release|ARM.ActiveCfg = Release|ARM
		{6CFF25BF-231E-4D6E-9068-2760092A56AB}.Release|ARM.Build.0 = Release|ARM
		{6CFF25BF-231E-4D6E-9068-2760092A56AB}.Release|x64.ActiveCfg = Release|x64
		{6CFF25BF-231E-4D6E-9068-2760092A56AB}.Release|x64.Build.0 = Release|x64
		{6CFF25BF-231E-4D6E-9068-2760092A56AB}.Release|x86.ActiveCfg = Release|x86
		{6CFF25BF-231E-4D6E-9068-2760092A56AB}.Release|x86.Build.0 = Release|x86
		{F0A4B880-61E0-4B9D-9F81-300B409D8B3D}.Debug|ARM.ActiveCfg = Debug|ARM
		{F0A4B880-61E0-4B9D-9F81-300B409D8B3D}.Debug|ARM.Build.0 = Debug|ARM
		{F0A4B880-61E0-4B9D-9F81-300B409D8B3D}.Debug|x64.ActiveCfg = Debug|x64
		{F0A4B880-61E0-4B9D-9F81-300B409D8B3D}.Debug|x64.Build.0 = Debug|x64
		{F0A4B880-61E0-4B9D-9F81-300B409D8B3D}.Debug|x86.ActiveCfg = Debug|x86
		{F0A4B880-61E0-4B9D-9F81-300B409D8B3D}.Debug|x86.Build.0 = Debug|x86
		{F0A4B880-61E0-4B9D-9F81-300B409D8B3D}.Release|ARM.ActiveCfg = Release|ARM
		{F0A4B880-61E0-4B9D-9F81-300B409D8B3D}.Release|ARM.Build.0 = Release|ARM
		{F0A4B880-61E0-4B9D-9F81-300B409D8B3D}.Release|x64.ActiveCfg = Release|x64
		{F0A4B880-61E0-4B9D-9F81-300B409D8B3D}.Release|x64.Build.0 = Release|x64
		{F0A4B880-61E0-4B9D-9F81-300B409D8B3D}.Release|x86.ActiveCfg = Release|x86
		{F0A4B880-61E0-4B9D-9F81-300B409D8B3D}.Release|x86.Build.0 = Release|x86
		{A4F869A1-E949-4C93-A96C-723184907C57}.Debug|ARM.ActiveCfg = Debug|ARM
		{A4F869A1-E949-4C93-A96C-723184907C57}.Debug|ARM.Build.0 = Debug|ARM
		{A4F869A1-E949-4C93-A96C-723184907C57}.Debug|x64.ActiveCfg = Debug|x64
		{A4F869A1-E949-4C93-A96C-723184907C57}.Debug|x64.Build.0 = Debug|x64
		{A4F869A1-E949-4C93-A96C-723184907C57}.Debug|x86.ActiveCfg = Debug|x86
		{A4F869A1-E949-4C93-A96C-723184907C57}.Debug|x86.Build.0 = Debug|x86
		{A4F869A1-E949-4C93-A96C-723184907C57}.Release|ARM.ActiveCfg = Release|ARM
		{A4F869A1-E949-4C93-A96C-723184907C57}.Release|ARM.Build.0 = Release|ARM
		{A4F869A1-E949-4C93-A96C-723184907C57}.Release|x64.ActiveCfg = Release|x64
		{A4F869A1-E949-4C93-A96C-723184907C57}.Release|x64.Build.0 = Release|x64
		{A4F869A1-E949-4C93-A96C-723184907C57}.Release|x86.ActiveCfg = Release|x86
		{A4F869A1-E949-4C93-A96C-723184907C57}.Release|x86.Build.0 = Release|x86
		{8C5C697D-AAED-401C-BC23-0FD455176582}.Debug|ARM.ActiveCfg = Debug|ARM
		{8C5C697D-AAED-401C-BC23-0FD455176582}.Debug|ARM.Build.0 = Debug|ARM
		{8C5C697D-AAED-401C-BC23-0FD455176582}.Debug|x64.ActiveCfg = Debug|x64
		{8C5C697D-AAED-401C-BC23-0FD455176582}.Debug|x64.Build.0 = Debug|x64
		{8C5C697D-AAED-401C-BC23-0FD455176582}.Debug|x86.ActiveCfg = Debug|x86
		{8C5C697D-AAED-401C-BC23-0FD455176582}.Debug|x86.Build.0 = Debug|x86
		{8C5C697D-AAED-401C-BC23-0FD455176582}.Release|ARM.ActiveCfg = Release|ARM
		{8C5C697D-AAED-401C-BC23-0FD455176582}.Release|ARM.Build.0 = Release|ARM
		{8C5C697D-AAED-401C-BC23-0FD455176582}.Release|x64.ActiveCfg = Release|x64
		{8C5C697D-AAED-401C-BC23-0FD455176582}.Release|x64.Build.0 = Release|x64
		{8C5C697D-AAED-401C-BC23-0FD455176582}.Release|x86.ActiveCfg = Release|x86
		{8C5C697D-AAED-401C-BC23-0FD455176582}.Release|x86.Build.0 = Release|x86
		{E3C7CC82-39E9-457F-B328-E5D36021C2CF}.Debug|ARM.ActiveCfg = Debug|ARM
		{E3C7CC82-39E9-457F-B328-E5D36021C2CF}.Debug|ARM.Build.0 = Debug|ARM
		{E3C7CC82-39E9-457F-B328-E5D36021C2CF}.Debug|x64.ActiveCfg = Debug|x64
		{E3C7CC82-39E9-457F-B328-E5D36021C2CF}.Debug|x64.Build.0 = Debug|x64
		{E3C7CC82-39E9-457F-B328-E5D36021C2CF}.Debug|x86.ActiveCfg = Debug|x86
		{E3C7CC82-39E9-457F-B328-E5D36021C2CF}.Debug|x86.Build.0 = Debug|x86
		{E3C7CC82-39E9-457F-B328-E5D36021C2CF}.Release|ARM.ActiveCfg = Release|ARM
		{E3C7CC82-39E9-457F-B328-E5D36021C2CF}.Release|ARM.Build.0 = Release|ARM
		{E3C7CC82-39E9-457F-B328-E5D36021C2CF}.Release|x64.ActiveCfg = Release|x64
		{E3C7CC82-39E9-457F-B328-E5D36021C2CF}.Release|x64.Build.0 = Release|x64
		{E3C7CC82-39E9-457F-B328-E5D36021C2CF}.Release|x86.ActiveCfg = Release|x86
		{E3C7CC82-39E9-457F-B328-E5D36021C2CF}.Release|x86.Build.0 = Release|x86
		{E2CB039F-5224-42AC-B8B3-0553DAE5DC4E}.Debug|ARM.ActiveCfg = Debug|ARM
		{E2CB039F-5224-42AC-B8B3-0553DAE5DC4E}.Debug|ARM.Build.0 = Debug|ARM
		{E2CB039F-5224-42AC-B8B3-0553DAE5DC4E}.Debug|x64.ActiveCfg = Debug|x64
		{E2CB039F-5224-42AC-B8B3-0553DAE5DC4E}.Debug|x64.Build.0 = Debug|x64
		{E2CB039F-5224-42AC-B8B3-0553DAE5DC4E}.Debug|x86.ActiveCfg = Debug|x86
		{E2CB039F-5224-42AC-B8B3-0553DAE5DC4E}.Debug|x86.Build.0 = Debug|x86
		{E2CB039F-5224-42AC-B8B3-0553DAE5DC4E}.Release|ARM.ActiveCfg = Release|ARM
		{E2CB039F-5224-42AC-B8B3-0553DAE5DC4E}.Release|ARM.Build.0 = Release|ARM
		{E2CB039F-5224-42AC-B8B3-0553DAE5DC4E}.Release|x64.ActiveCfg = Release|x64
		{E2CB039F-5224-42AC-B8B3-0553DAE5DC4E}.Release|x64.Build.0 = Release|x64
		{E2CB039F-5224-42AC-B8B3-0553DAE5DC4E}.Release|x86.ActiveCfg = Release|x86
		{E2CB039F-5224-42AC-B8B3-0553DAE5DC4E}.Release|x86.Build.0 = Release|x86
	EndGlobalSection
	GlobalSection(SolutionProperties) = preSolution
		HideSolutionNode = FALSE
	EndGlobalSection
	GlobalSection(NestedProjects) = preSolution
		{E715331C-EB91-457F-85D0-77B8CC57C6FE} = {1BD34129-449A-42FC-9888-C226F622E773}
		{39CEE81D-C871-47EF-9F7E-3394D2697A7B} = {1BD34129-449A-42FC-9888-C226F622E773}
		{461B152C-EC50-44CA-AFD2-595C1D99DD5F} = {1BD34129-449A-42FC-9888-C226F622E773}
		{6905160D-4BCF-4987-BE0C-33A40EB646F3} = {1BD34129-449A-42FC-9888-C226F622E773}
		{6CFF25BF-231E-4D6E-9068-2760092A56AB} = {1BD34129-449A-42FC-9888-C226F622E773}
		{F0A4B880-61E0-4B9D-9F81-300B409D8B3D} = {1BD34129-449A-42FC-9888-C226F622E773}
		{A4F869A1-E949-4C93-A96C-723184907C57} = {1BD34129-449A-42FC-9888-C226F622E773}
		{8C5C697D-AAED-401C-BC23-0FD455176582} = {1BD34129-449A-42FC-9888-C226F622E773}
		{E3C7CC82-39E9-457F-B328-E5D36021C2CF} = {1BD34129-449A-42FC-9888-C226F622E773}
		{E2CB039F-5224-42AC-B8B3-0553DAE5DC4E} = {1BD34129-449A-42FC-9888-C226F622E773}
	EndGlobalSection
EndGlobal
